
Microsoft Visual Studio Solution File, Format Version 12.00
# Visual Studio Version 17
VisualStudioVersion = 17.7.34031.279
MinimumVisualStudioVersion = 10.0.40219.1
Project("{9A19103F-16F7-4668-BE54-9A1E7A4F7556}") = "DATN_WebsiteTimKiemViecLam", "DATN_WebsiteTimKiemViecLam\DATN_WebsiteTimKiemViecLam.csproj", "{1F8EFB84-13C6-45D7-9139-34C5CF267141}"
EndProject
Project("{FAE04EC0-301F-11D3-BF4B-00C04F79EFBC}") = "UnitTestWebsite", "UnitTestWebsite\UnitTestWebsite.csproj", "{F9C5BD8A-AB8B-42D3-8432-89CEAF4C0E90}"
EndProject
Global
	GlobalSection(SolutionConfigurationPlatforms) = preSolution
		Debug|Any CPU = Debug|Any CPU
		Release|Any CPU = Release|Any CPU
	EndGlobalSection
	GlobalSection(ProjectConfigurationPlatforms) = postSolution
		{1F8EFB84-13C6-45D7-9139-34C5CF267141}.Debug|Any CPU.ActiveCfg = Debug|Any CPU
		{1F8EFB84-13C6-45D7-9139-34C5CF267141}.Debug|Any CPU.Build.0 = Debug|Any CPU
		{1F8EFB84-13C6-45D7-9139-34C5CF267141}.Release|Any CPU.ActiveCfg = Release|Any CPU
		{1F8EFB84-13C6-45D7-9139-34C5CF267141}.Release|Any CPU.Build.0 = Release|Any CPU
		{F9C5BD8A-AB8B-42D3-8432-89CEAF4C0E90}.Debug|Any CPU.ActiveCfg = Debug|Any CPU
		{F9C5BD8A-AB8B-42D3-8432-89CEAF4C0E90}.Debug|Any CPU.Build.0 = Debug|Any CPU
		{F9C5BD8A-AB8B-42D3-8432-89CEAF4C0E90}.Release|Any CPU.ActiveCfg = Release|Any CPU
		{F9C5BD8A-AB8B-42D3-8432-89CEAF4C0E90}.Release|Any CPU.Build.0 = Release|Any CPU
	EndGlobalSection
	GlobalSection(SolutionProperties) = preSolution
		HideSolutionNode = FALSE
	EndGlobalSection
	GlobalSection(ExtensibilityGlobals) = postSolution
		SolutionGuid = {D506FE5F-F668-40C5-84E1-B09D96CE3B6F}
	EndGlobalSection
EndGlobal
